
Microsoft Visual Studio Solution File, Format Version 12.00
# Visual Studio Version 17
VisualStudioVersion = 17.11.35312.102
MinimumVisualStudioVersion = 10.0.40219.1
Project("{FAE04EC0-301F-11D3-BF4B-00C04F79EFBC}") = "ClientWPF", "ClientWPF\ClientWPF.csproj", "{F110E081-FB84-4AD1-AB26-4BED80620200}"
EndProject
Global
	GlobalSection(SolutionConfigurationPlatforms) = preSolution
		Debug|Any CPU = Debug|Any CPU
		Release|Any CPU = Release|Any CPU
	EndGlobalSection
	GlobalSection(ProjectConfigurationPlatforms) = postSolution
		{F110E081-FB84-4AD1-AB26-4BED80620200}.Debug|Any CPU.ActiveCfg = Debug|Any CPU
		{F110E081-FB84-4AD1-AB26-4BED80620200}.Debug|Any CPU.Build.0 = Debug|Any CPU
		{F110E081-FB84-4AD1-AB26-4BED80620200}.Release|Any CPU.ActiveCfg = Release|Any CPU
		{F110E081-FB84-4AD1-AB26-4BED80620200}.Release|Any CPU.Build.0 = Release|Any CPU
	EndGlobalSection
	GlobalSection(SolutionProperties) = preSolution
		HideSolutionNode = FALSE
	EndGlobalSection
	GlobalSection(ExtensibilityGlobals) = postSolution
		SolutionGuid = {B8C19057-1BB7-4341-A2A0-A80834DDB332}
	EndGlobalSection
EndGlobal
